// !$*UTF8*$!
{
	archiveVersion = 1;
	classes = {
	};
	objectVersion = 50;
	objects = {

/* Begin PBXBuildFile section */
		83C363251E71C7C2972DF034 /* libPods-daner.a in Frameworks */ = {isa = PBXBuildFile; fileRef = EB47334D33339E70E72E4161 /* libPods-daner.a */; };
		8961E9CC2182BBA700B914FD /* FoundListMessageCell.m in Sources */ = {isa = PBXBuildFile; fileRef = 8961E9CB2182BBA700B914FD /* FoundListMessageCell.m */; };
		8961E9D0218303C100B914FD /* FoundListRecordCell.m in Sources */ = {isa = PBXBuildFile; fileRef = 8961E9CE218303C100B914FD /* FoundListRecordCell.m */; };
		8961E9D3218306FB00B914FD /* ZSRunLabelView.m in Sources */ = {isa = PBXBuildFile; fileRef = 8961E9D2218306FB00B914FD /* ZSRunLabelView.m */; };
		8961E9DB2183187500B914FD /* KKClassificationView.m in Sources */ = {isa = PBXBuildFile; fileRef = 8961E9D62183187500B914FD /* KKClassificationView.m */; };
		8961E9DC2183187500B914FD /* KKSliderButtonView.m in Sources */ = {isa = PBXBuildFile; fileRef = 8961E9D82183187500B914FD /* KKSliderButtonView.m */; };
		8961E9DD2183187500B914FD /* KKClassiflcationLayout.m in Sources */ = {isa = PBXBuildFile; fileRef = 8961E9DA2183187500B914FD /* KKClassiflcationLayout.m */; };
		8961E9E02183190D00B914FD /* BaseFoundController.m in Sources */ = {isa = PBXBuildFile; fileRef = 8961E9DF2183190D00B914FD /* BaseFoundController.m */; };
		8997797B2181986D00069C52 /* FoundNavView.m in Sources */ = {isa = PBXBuildFile; fileRef = 8997797A2181986D00069C52 /* FoundNavView.m */; };
		899779812181A11C00069C52 /* FoundListVideoCell.m in Sources */ = {isa = PBXBuildFile; fileRef = 899779802181A11C00069C52 /* FoundListVideoCell.m */; };
		899779872181A1B000069C52 /* FoundListPositionCell.m in Sources */ = {isa = PBXBuildFile; fileRef = 899779862181A1B000069C52 /* FoundListPositionCell.m */; };
		8997798B2181B81B00069C52 /* UILabel+String.m in Sources */ = {isa = PBXBuildFile; fileRef = 899779892181B81B00069C52 /* UILabel+String.m */; };
		89B76C4D21815B27007D7202 /* AppDelegate.m in Sources */ = {isa = PBXBuildFile; fileRef = 89B76C4C21815B27007D7202 /* AppDelegate.m */; };
		89B76C5021815B27007D7202 /* ViewController.m in Sources */ = {isa = PBXBuildFile; fileRef = 89B76C4F21815B27007D7202 /* ViewController.m */; };
		89B76C5321815B27007D7202 /* Main.storyboard in Resources */ = {isa = PBXBuildFile; fileRef = 89B76C5121815B27007D7202 /* Main.storyboard */; };
		89B76C5521815B29007D7202 /* Assets.xcassets in Resources */ = {isa = PBXBuildFile; fileRef = 89B76C5421815B29007D7202 /* Assets.xcassets */; };
		89B76C5821815B29007D7202 /* LaunchScreen.storyboard in Resources */ = {isa = PBXBuildFile; fileRef = 89B76C5621815B29007D7202 /* LaunchScreen.storyboard */; };
		89B76C5B21815B29007D7202 /* main.m in Sources */ = {isa = PBXBuildFile; fileRef = 89B76C5A21815B29007D7202 /* main.m */; };
		89B76C6521815B29007D7202 /* danerTests.m in Sources */ = {isa = PBXBuildFile; fileRef = 89B76C6421815B29007D7202 /* danerTests.m */; };
		89B76C7021815B29007D7202 /* danerUITests.m in Sources */ = {isa = PBXBuildFile; fileRef = 89B76C6F21815B29007D7202 /* danerUITests.m */; };
		89B76C8321816A5A007D7202 /* DanerTabBarItem.m in Sources */ = {isa = PBXBuildFile; fileRef = 89B76C8221816A5A007D7202 /* DanerTabBarItem.m */; };
		89B76C8621816AE5007D7202 /* DanerTabBarController.m in Sources */ = {isa = PBXBuildFile; fileRef = 89B76C8521816AE5007D7202 /* DanerTabBarController.m */; };
		89B76C8A21816BCA007D7202 /* BaseViewController.m in Sources */ = {isa = PBXBuildFile; fileRef = 89B76C8821816BCA007D7202 /* BaseViewController.m */; };
		89B76C8E21816CC0007D7202 /* MessageController.m in Sources */ = {isa = PBXBuildFile; fileRef = 89B76C8D21816CC0007D7202 /* MessageController.m */; };
		89B76C9121816CDB007D7202 /* FriendsController.m in Sources */ = {isa = PBXBuildFile; fileRef = 89B76C9021816CDB007D7202 /* FriendsController.m */; };
		89B76C9421816D0F007D7202 /* ReleaseController.m in Sources */ = {isa = PBXBuildFile; fileRef = 89B76C9321816D0F007D7202 /* ReleaseController.m */; };
		89B76C9721816D2F007D7202 /* FoundController.m in Sources */ = {isa = PBXBuildFile; fileRef = 89B76C9621816D2F007D7202 /* FoundController.m */; };
		89B76C9A21816D49007D7202 /* MineController.m in Sources */ = {isa = PBXBuildFile; fileRef = 89B76C9921816D49007D7202 /* MineController.m */; };
		89D7108C2182A935007B02E7 /* FoundListFouceCell.m in Sources */ = {isa = PBXBuildFile; fileRef = 89D7108B2182A935007B02E7 /* FoundListFouceCell.m */; };
		89D7108F2182AB5D007B02E7 /* FoucePeopleCollectionCell.m in Sources */ = {isa = PBXBuildFile; fileRef = 89D7108E2182AB5D007B02E7 /* FoucePeopleCollectionCell.m */; };
/* End PBXBuildFile section */

/* Begin PBXContainerItemProxy section */
		89B76C6121815B29007D7202 /* PBXContainerItemProxy */ = {
			isa = PBXContainerItemProxy;
			containerPortal = 89B76C4021815B27007D7202 /* Project object */;
			proxyType = 1;
			remoteGlobalIDString = 89B76C4721815B27007D7202;
			remoteInfo = daner;
		};
		89B76C6C21815B29007D7202 /* PBXContainerItemProxy */ = {
			isa = PBXContainerItemProxy;
			containerPortal = 89B76C4021815B27007D7202 /* Project object */;
			proxyType = 1;
			remoteGlobalIDString = 89B76C4721815B27007D7202;
			remoteInfo = daner;
		};
/* End PBXContainerItemProxy section */

/* Begin PBXFileReference section */
		609699645D51553CA644A01F /* Pods-daner.debug.xcconfig */ = {isa = PBXFileReference; includeInIndex = 1; lastKnownFileType = text.xcconfig; name = "Pods-daner.debug.xcconfig"; path = "Pods/Target Support Files/Pods-daner/Pods-daner.debug.xcconfig"; sourceTree = "<group>"; };
		8961E9CA2182BBA700B914FD /* FoundListMessageCell.h */ = {isa = PBXFileReference; lastKnownFileType = sourcecode.c.h; path = FoundListMessageCell.h; sourceTree = "<group>"; };
		8961E9CB2182BBA700B914FD /* FoundListMessageCell.m */ = {isa = PBXFileReference; lastKnownFileType = sourcecode.c.objc; path = FoundListMessageCell.m; sourceTree = "<group>"; };
		8961E9CE218303C100B914FD /* FoundListRecordCell.m */ = {isa = PBXFileReference; fileEncoding = 4; lastKnownFileType = sourcecode.c.objc; path = FoundListRecordCell.m; sourceTree = "<group>"; };
		8961E9CF218303C100B914FD /* FoundListRecordCell.h */ = {isa = PBXFileReference; fileEncoding = 4; lastKnownFileType = sourcecode.c.h; path = FoundListRecordCell.h; sourceTree = "<group>"; };
		8961E9D1218306FB00B914FD /* ZSRunLabelView.h */ = {isa = PBXFileReference; lastKnownFileType = sourcecode.c.h; path = ZSRunLabelView.h; sourceTree = "<group>"; };
		8961E9D2218306FB00B914FD /* ZSRunLabelView.m */ = {isa = PBXFileReference; lastKnownFileType = sourcecode.c.objc; path = ZSRunLabelView.m; sourceTree = "<group>"; };
		8961E9D52183187500B914FD /* KKSliderButtonView.h */ = {isa = PBXFileReference; fileEncoding = 4; lastKnownFileType = sourcecode.c.h; path = KKSliderButtonView.h; sourceTree = "<group>"; };
		8961E9D62183187500B914FD /* KKClassificationView.m */ = {isa = PBXFileReference; fileEncoding = 4; lastKnownFileType = sourcecode.c.objc; path = KKClassificationView.m; sourceTree = "<group>"; };
		8961E9D72183187500B914FD /* KKClassiflcationLayout.h */ = {isa = PBXFileReference; fileEncoding = 4; lastKnownFileType = sourcecode.c.h; path = KKClassiflcationLayout.h; sourceTree = "<group>"; };
		8961E9D82183187500B914FD /* KKSliderButtonView.m */ = {isa = PBXFileReference; fileEncoding = 4; lastKnownFileType = sourcecode.c.objc; path = KKSliderButtonView.m; sourceTree = "<group>"; };
		8961E9D92183187500B914FD /* KKClassificationView.h */ = {isa = PBXFileReference; fileEncoding = 4; lastKnownFileType = sourcecode.c.h; path = KKClassificationView.h; sourceTree = "<group>"; };
		8961E9DA2183187500B914FD /* KKClassiflcationLayout.m */ = {isa = PBXFileReference; fileEncoding = 4; lastKnownFileType = sourcecode.c.objc; path = KKClassiflcationLayout.m; sourceTree = "<group>"; };
		8961E9DE2183190D00B914FD /* BaseFoundController.h */ = {isa = PBXFileReference; lastKnownFileType = sourcecode.c.h; path = BaseFoundController.h; sourceTree = "<group>"; };
		8961E9DF2183190D00B914FD /* BaseFoundController.m */ = {isa = PBXFileReference; lastKnownFileType = sourcecode.c.objc; path = BaseFoundController.m; sourceTree = "<group>"; };
		899779792181986D00069C52 /* FoundNavView.h */ = {isa = PBXFileReference; lastKnownFileType = sourcecode.c.h; path = FoundNavView.h; sourceTree = "<group>"; };
		8997797A2181986D00069C52 /* FoundNavView.m */ = {isa = PBXFileReference; lastKnownFileType = sourcecode.c.objc; path = FoundNavView.m; sourceTree = "<group>"; };
		8997797F2181A11C00069C52 /* FoundListVideoCell.h */ = {isa = PBXFileReference; lastKnownFileType = sourcecode.c.h; path = FoundListVideoCell.h; sourceTree = "<group>"; };
		899779802181A11C00069C52 /* FoundListVideoCell.m */ = {isa = PBXFileReference; lastKnownFileType = sourcecode.c.objc; path = FoundListVideoCell.m; sourceTree = "<group>"; };
		899779852181A1B000069C52 /* FoundListPositionCell.h */ = {isa = PBXFileReference; lastKnownFileType = sourcecode.c.h; path = FoundListPositionCell.h; sourceTree = "<group>"; };
		899779862181A1B000069C52 /* FoundListPositionCell.m */ = {isa = PBXFileReference; lastKnownFileType = sourcecode.c.objc; path = FoundListPositionCell.m; sourceTree = "<group>"; };
		899779892181B81B00069C52 /* UILabel+String.m */ = {isa = PBXFileReference; fileEncoding = 4; lastKnownFileType = sourcecode.c.objc; path = "UILabel+String.m"; sourceTree = "<group>"; };
		8997798A2181B81B00069C52 /* UILabel+String.h */ = {isa = PBXFileReference; fileEncoding = 4; lastKnownFileType = sourcecode.c.h; path = "UILabel+String.h"; sourceTree = "<group>"; };
		89B76C4821815B27007D7202 /* daner.app */ = {isa = PBXFileReference; explicitFileType = wrapper.application; includeInIndex = 0; path = daner.app; sourceTree = BUILT_PRODUCTS_DIR; };
		89B76C4B21815B27007D7202 /* AppDelegate.h */ = {isa = PBXFileReference; lastKnownFileType = sourcecode.c.h; path = AppDelegate.h; sourceTree = "<group>"; };
		89B76C4C21815B27007D7202 /* AppDelegate.m */ = {isa = PBXFileReference; lastKnownFileType = sourcecode.c.objc; path = AppDelegate.m; sourceTree = "<group>"; };
		89B76C4E21815B27007D7202 /* ViewController.h */ = {isa = PBXFileReference; lastKnownFileType = sourcecode.c.h; path = ViewController.h; sourceTree = "<group>"; };
		89B76C4F21815B27007D7202 /* ViewController.m */ = {isa = PBXFileReference; lastKnownFileType = sourcecode.c.objc; path = ViewController.m; sourceTree = "<group>"; };
		89B76C5221815B27007D7202 /* Base */ = {isa = PBXFileReference; lastKnownFileType = file.storyboard; name = Base; path = Base.lproj/Main.storyboard; sourceTree = "<group>"; };
		89B76C5421815B29007D7202 /* Assets.xcassets */ = {isa = PBXFileReference; lastKnownFileType = folder.assetcatalog; path = Assets.xcassets; sourceTree = "<group>"; };
		89B76C5721815B29007D7202 /* Base */ = {isa = PBXFileReference; lastKnownFileType = file.storyboard; name = Base; path = Base.lproj/LaunchScreen.storyboard; sourceTree = "<group>"; };
		89B76C5921815B29007D7202 /* Info.plist */ = {isa = PBXFileReference; lastKnownFileType = text.plist.xml; path = Info.plist; sourceTree = "<group>"; };
		89B76C5A21815B29007D7202 /* main.m */ = {isa = PBXFileReference; lastKnownFileType = sourcecode.c.objc; path = main.m; sourceTree = "<group>"; };
		89B76C6021815B29007D7202 /* danerTests.xctest */ = {isa = PBXFileReference; explicitFileType = wrapper.cfbundle; includeInIndex = 0; path = danerTests.xctest; sourceTree = BUILT_PRODUCTS_DIR; };
		89B76C6421815B29007D7202 /* danerTests.m */ = {isa = PBXFileReference; lastKnownFileType = sourcecode.c.objc; path = danerTests.m; sourceTree = "<group>"; };
		89B76C6621815B29007D7202 /* Info.plist */ = {isa = PBXFileReference; lastKnownFileType = text.plist.xml; path = Info.plist; sourceTree = "<group>"; };
		89B76C6B21815B29007D7202 /* danerUITests.xctest */ = {isa = PBXFileReference; explicitFileType = wrapper.cfbundle; includeInIndex = 0; path = danerUITests.xctest; sourceTree = BUILT_PRODUCTS_DIR; };
		89B76C6F21815B29007D7202 /* danerUITests.m */ = {isa = PBXFileReference; lastKnownFileType = sourcecode.c.objc; path = danerUITests.m; sourceTree = "<group>"; };
		89B76C7121815B29007D7202 /* Info.plist */ = {isa = PBXFileReference; lastKnownFileType = text.plist.xml; path = Info.plist; sourceTree = "<group>"; };
		89B76C8121816A5A007D7202 /* DanerTabBarItem.h */ = {isa = PBXFileReference; lastKnownFileType = sourcecode.c.h; path = DanerTabBarItem.h; sourceTree = "<group>"; };
		89B76C8221816A5A007D7202 /* DanerTabBarItem.m */ = {isa = PBXFileReference; lastKnownFileType = sourcecode.c.objc; path = DanerTabBarItem.m; sourceTree = "<group>"; };
		89B76C8421816AE5007D7202 /* DanerTabBarController.h */ = {isa = PBXFileReference; lastKnownFileType = sourcecode.c.h; path = DanerTabBarController.h; sourceTree = "<group>"; };
		89B76C8521816AE5007D7202 /* DanerTabBarController.m */ = {isa = PBXFileReference; lastKnownFileType = sourcecode.c.objc; path = DanerTabBarController.m; sourceTree = "<group>"; };
		89B76C8821816BCA007D7202 /* BaseViewController.m */ = {isa = PBXFileReference; fileEncoding = 4; lastKnownFileType = sourcecode.c.objc; path = BaseViewController.m; sourceTree = "<group>"; };
		89B76C8921816BCA007D7202 /* BaseViewController.h */ = {isa = PBXFileReference; fileEncoding = 4; lastKnownFileType = sourcecode.c.h; path = BaseViewController.h; sourceTree = "<group>"; };
		89B76C8B21816BF9007D7202 /* ZSConfig.h */ = {isa = PBXFileReference; lastKnownFileType = sourcecode.c.h; path = ZSConfig.h; sourceTree = "<group>"; };
		89B76C8C21816CC0007D7202 /* MessageController.h */ = {isa = PBXFileReference; lastKnownFileType = sourcecode.c.h; path = MessageController.h; sourceTree = "<group>"; };
		89B76C8D21816CC0007D7202 /* MessageController.m */ = {isa = PBXFileReference; lastKnownFileType = sourcecode.c.objc; path = MessageController.m; sourceTree = "<group>"; };
		89B76C8F21816CDB007D7202 /* FriendsController.h */ = {isa = PBXFileReference; lastKnownFileType = sourcecode.c.h; path = FriendsController.h; sourceTree = "<group>"; };
		89B76C9021816CDB007D7202 /* FriendsController.m */ = {isa = PBXFileReference; lastKnownFileType = sourcecode.c.objc; path = FriendsController.m; sourceTree = "<group>"; };
		89B76C9221816D0F007D7202 /* ReleaseController.h */ = {isa = PBXFileReference; lastKnownFileType = sourcecode.c.h; path = ReleaseController.h; sourceTree = "<group>"; };
		89B76C9321816D0F007D7202 /* ReleaseController.m */ = {isa = PBXFileReference; lastKnownFileType = sourcecode.c.objc; path = ReleaseController.m; sourceTree = "<group>"; };
		89B76C9521816D2F007D7202 /* FoundController.h */ = {isa = PBXFileReference; lastKnownFileType = sourcecode.c.h; path = FoundController.h; sourceTree = "<group>"; };
		89B76C9621816D2F007D7202 /* FoundController.m */ = {isa = PBXFileReference; lastKnownFileType = sourcecode.c.objc; path = FoundController.m; sourceTree = "<group>"; };
		89B76C9821816D49007D7202 /* MineController.h */ = {isa = PBXFileReference; lastKnownFileType = sourcecode.c.h; path = MineController.h; sourceTree = "<group>"; };
		89B76C9921816D49007D7202 /* MineController.m */ = {isa = PBXFileReference; lastKnownFileType = sourcecode.c.objc; path = MineController.m; sourceTree = "<group>"; };
		89D7108A2182A935007B02E7 /* FoundListFouceCell.h */ = {isa = PBXFileReference; lastKnownFileType = sourcecode.c.h; path = FoundListFouceCell.h; sourceTree = "<group>"; };
		89D7108B2182A935007B02E7 /* FoundListFouceCell.m */ = {isa = PBXFileReference; lastKnownFileType = sourcecode.c.objc; path = FoundListFouceCell.m; sourceTree = "<group>"; };
		89D7108D2182AB5D007B02E7 /* FoucePeopleCollectionCell.h */ = {isa = PBXFileReference; lastKnownFileType = sourcecode.c.h; path = FoucePeopleCollectionCell.h; sourceTree = "<group>"; };
		89D7108E2182AB5D007B02E7 /* FoucePeopleCollectionCell.m */ = {isa = PBXFileReference; lastKnownFileType = sourcecode.c.objc; path = FoucePeopleCollectionCell.m; sourceTree = "<group>"; };
		C5BC9AFCCF8292ECADDA3D7A /* Pods-daner.release.xcconfig */ = {isa = PBXFileReference; includeInIndex = 1; lastKnownFileType = text.xcconfig; name = "Pods-daner.release.xcconfig"; path = "Pods/Target Support Files/Pods-daner/Pods-daner.release.xcconfig"; sourceTree = "<group>"; };
		EB47334D33339E70E72E4161 /* libPods-daner.a */ = {isa = PBXFileReference; explicitFileType = archive.ar; includeInIndex = 0; path = "libPods-daner.a"; sourceTree = BUILT_PRODUCTS_DIR; };
/* End PBXFileReference section */

/* Begin PBXFrameworksBuildPhase section */
		89B76C4521815B27007D7202 /* Frameworks */ = {
			isa = PBXFrameworksBuildPhase;
			buildActionMask = 2147483647;
			files = (
				83C363251E71C7C2972DF034 /* libPods-daner.a in Frameworks */,
			);
			runOnlyForDeploymentPostprocessing = 0;
		};
		89B76C5D21815B29007D7202 /* Frameworks */ = {
			isa = PBXFrameworksBuildPhase;
			buildActionMask = 2147483647;
			files = (
			);
			runOnlyForDeploymentPostprocessing = 0;
		};
		89B76C6821815B29007D7202 /* Frameworks */ = {
			isa = PBXFrameworksBuildPhase;
			buildActionMask = 2147483647;
			files = (
			);
			runOnlyForDeploymentPostprocessing = 0;
		};
/* End PBXFrameworksBuildPhase section */

/* Begin PBXGroup section */
		8961E9CD2182FFEC00B914FD /* Found */ = {
			isa = PBXGroup;
			children = (
				8961E9D42183187500B914FD /* KKClassificationView */,
				8961E9CF218303C100B914FD /* FoundListRecordCell.h */,
				8961E9CE218303C100B914FD /* FoundListRecordCell.m */,
				899779792181986D00069C52 /* FoundNavView.h */,
				8997797A2181986D00069C52 /* FoundNavView.m */,
				8997797F2181A11C00069C52 /* FoundListVideoCell.h */,
				899779802181A11C00069C52 /* FoundListVideoCell.m */,
				899779852181A1B000069C52 /* FoundListPositionCell.h */,
				899779862181A1B000069C52 /* FoundListPositionCell.m */,
				8961E9CA2182BBA700B914FD /* FoundListMessageCell.h */,
				8961E9CB2182BBA700B914FD /* FoundListMessageCell.m */,
				89D7108A2182A935007B02E7 /* FoundListFouceCell.h */,
				89D7108B2182A935007B02E7 /* FoundListFouceCell.m */,
				89D7108D2182AB5D007B02E7 /* FoucePeopleCollectionCell.h */,
				89D7108E2182AB5D007B02E7 /* FoucePeopleCollectionCell.m */,
				8961E9D1218306FB00B914FD /* ZSRunLabelView.h */,
				8961E9D2218306FB00B914FD /* ZSRunLabelView.m */,
			);
			path = Found;
			sourceTree = "<group>";
		};
		8961E9D42183187500B914FD /* KKClassificationView */ = {
			isa = PBXGroup;
			children = (
				8961E9D52183187500B914FD /* KKSliderButtonView.h */,
				8961E9D62183187500B914FD /* KKClassificationView.m */,
				8961E9D72183187500B914FD /* KKClassiflcationLayout.h */,
				8961E9D82183187500B914FD /* KKSliderButtonView.m */,
				8961E9D92183187500B914FD /* KKClassificationView.h */,
				8961E9DA2183187500B914FD /* KKClassiflcationLayout.m */,
			);
			path = KKClassificationView;
			sourceTree = "<group>";
		};
		899779782181982A00069C52 /* View */ = {
			isa = PBXGroup;
			children = (
				8961E9CD2182FFEC00B914FD /* Found */,
			);
			path = View;
			sourceTree = "<group>";
		};
		899779882181B80000069C52 /* Category */ = {
			isa = PBXGroup;
			children = (
				8997798A2181B81B00069C52 /* UILabel+String.h */,
				899779892181B81B00069C52 /* UILabel+String.m */,
			);
			path = Category;
			sourceTree = "<group>";
		};
		89B76C3F21815B27007D7202 = {
			isa = PBXGroup;
			children = (
				89B76C4A21815B27007D7202 /* daner */,
				89B76C6321815B29007D7202 /* danerTests */,
				89B76C6E21815B29007D7202 /* danerUITests */,
				89B76C4921815B27007D7202 /* Products */,
				FB384B5C9FF97ED3EC4E2427 /* Pods */,
				FDFA82D0D5CEE1C1F476EAAC /* Frameworks */,
			);
			sourceTree = "<group>";
		};
		89B76C4921815B27007D7202 /* Products */ = {
			isa = PBXGroup;
			children = (
				89B76C4821815B27007D7202 /* daner.app */,
				89B76C6021815B29007D7202 /* danerTests.xctest */,
				89B76C6B21815B29007D7202 /* danerUITests.xctest */,
			);
			name = Products;
			sourceTree = "<group>";
		};
		89B76C4A21815B27007D7202 /* daner */ = {
			isa = PBXGroup;
			children = (
				89B76C4B21815B27007D7202 /* AppDelegate.h */,
				89B76C4C21815B27007D7202 /* AppDelegate.m */,
				89B76C4E21815B27007D7202 /* ViewController.h */,
				89B76C4F21815B27007D7202 /* ViewController.m */,
				899779882181B80000069C52 /* Category */,
				899779782181982A00069C52 /* View */,
				89B76C8721816B8F007D7202 /* Controller */,
				89B76C7D2181653C007D7202 /* Base */,
				89B76C5121815B27007D7202 /* Main.storyboard */,
				89B76C5421815B29007D7202 /* Assets.xcassets */,
				89B76C5621815B29007D7202 /* LaunchScreen.storyboard */,
				89B76C5921815B29007D7202 /* Info.plist */,
				89B76C5A21815B29007D7202 /* main.m */,
			);
			path = daner;
			sourceTree = "<group>";
		};
		89B76C6321815B29007D7202 /* danerTests */ = {
			isa = PBXGroup;
			children = (
				89B76C6421815B29007D7202 /* danerTests.m */,
				89B76C6621815B29007D7202 /* Info.plist */,
			);
			path = danerTests;
			sourceTree = "<group>";
		};
		89B76C6E21815B29007D7202 /* danerUITests */ = {
			isa = PBXGroup;
			children = (
				89B76C6F21815B29007D7202 /* danerUITests.m */,
				89B76C7121815B29007D7202 /* Info.plist */,
			);
			path = danerUITests;
			sourceTree = "<group>";
		};
		89B76C7D2181653C007D7202 /* Base */ = {
			isa = PBXGroup;
			children = (
				89B76C8921816BCA007D7202 /* BaseViewController.h */,
				89B76C8821816BCA007D7202 /* BaseViewController.m */,
				89B76C8421816AE5007D7202 /* DanerTabBarController.h */,
				89B76C8521816AE5007D7202 /* DanerTabBarController.m */,
				89B76C8121816A5A007D7202 /* DanerTabBarItem.h */,
				89B76C8221816A5A007D7202 /* DanerTabBarItem.m */,
				89B76C8B21816BF9007D7202 /* ZSConfig.h */,
			);
			path = Base;
			sourceTree = "<group>";
		};
		89B76C8721816B8F007D7202 /* Controller */ = {
			isa = PBXGroup;
			children = (
				89B76C8C21816CC0007D7202 /* MessageController.h */,
				89B76C8D21816CC0007D7202 /* MessageController.m */,
				89B76C8F21816CDB007D7202 /* FriendsController.h */,
				89B76C9021816CDB007D7202 /* FriendsController.m */,
				89B76C9221816D0F007D7202 /* ReleaseController.h */,
				89B76C9321816D0F007D7202 /* ReleaseController.m */,
				89B76C9521816D2F007D7202 /* FoundController.h */,
				89B76C9621816D2F007D7202 /* FoundController.m */,
				8961E9DE2183190D00B914FD /* BaseFoundController.h */,
				8961E9DF2183190D00B914FD /* BaseFoundController.m */,
				89B76C9821816D49007D7202 /* MineController.h */,
				89B76C9921816D49007D7202 /* MineController.m */,
			);
			path = Controller;
			sourceTree = "<group>";
		};
		FB384B5C9FF97ED3EC4E2427 /* Pods */ = {
			isa = PBXGroup;
			children = (
				609699645D51553CA644A01F /* Pods-daner.debug.xcconfig */,
				C5BC9AFCCF8292ECADDA3D7A /* Pods-daner.release.xcconfig */,
			);
			name = Pods;
			sourceTree = "<group>";
		};
		FDFA82D0D5CEE1C1F476EAAC /* Frameworks */ = {
			isa = PBXGroup;
			children = (
				EB47334D33339E70E72E4161 /* libPods-daner.a */,
			);
			name = Frameworks;
			sourceTree = "<group>";
		};
/* End PBXGroup section */

/* Begin PBXNativeTarget section */
		89B76C4721815B27007D7202 /* daner */ = {
			isa = PBXNativeTarget;
			buildConfigurationList = 89B76C7421815B29007D7202 /* Build configuration list for PBXNativeTarget "daner" */;
			buildPhases = (
				014D1CDF026D42DC3CC762CB /* [CP] Check Pods Manifest.lock */,
				89B76C4421815B27007D7202 /* Sources */,
				89B76C4521815B27007D7202 /* Frameworks */,
				89B76C4621815B27007D7202 /* Resources */,
				C43F117782A8B1E819064BE5 /* [CP] Copy Pods Resources */,
			);
			buildRules = (
			);
			dependencies = (
			);
			name = daner;
			productName = daner;
			productReference = 89B76C4821815B27007D7202 /* daner.app */;
			productType = "com.apple.product-type.application";
		};
		89B76C5F21815B29007D7202 /* danerTests */ = {
			isa = PBXNativeTarget;
			buildConfigurationList = 89B76C7721815B29007D7202 /* Build configuration list for PBXNativeTarget "danerTests" */;
			buildPhases = (
				89B76C5C21815B29007D7202 /* Sources */,
				89B76C5D21815B29007D7202 /* Frameworks */,
				89B76C5E21815B29007D7202 /* Resources */,
			);
			buildRules = (
			);
			dependencies = (
				89B76C6221815B29007D7202 /* PBXTargetDependency */,
			);
			name = danerTests;
			productName = danerTests;
			productReference = 89B76C6021815B29007D7202 /* danerTests.xctest */;
			productType = "com.apple.product-type.bundle.unit-test";
		};
		89B76C6A21815B29007D7202 /* danerUITests */ = {
			isa = PBXNativeTarget;
			buildConfigurationList = 89B76C7A21815B29007D7202 /* Build configuration list for PBXNativeTarget "danerUITests" */;
			buildPhases = (
				89B76C6721815B29007D7202 /* Sources */,
				89B76C6821815B29007D7202 /* Frameworks */,
				89B76C6921815B29007D7202 /* Resources */,
			);
			buildRules = (
			);
			dependencies = (
				89B76C6D21815B29007D7202 /* PBXTargetDependency */,
			);
			name = danerUITests;
			productName = danerUITests;
			productReference = 89B76C6B21815B29007D7202 /* danerUITests.xctest */;
			productType = "com.apple.product-type.bundle.ui-testing";
		};
/* End PBXNativeTarget section */

/* Begin PBXProject section */
		89B76C4021815B27007D7202 /* Project object */ = {
			isa = PBXProject;
			attributes = {
				LastUpgradeCheck = 1000;
				ORGANIZATIONNAME = dnaer7;
				TargetAttributes = {
					89B76C4721815B27007D7202 = {
						CreatedOnToolsVersion = 10.0;
					};
					89B76C5F21815B29007D7202 = {
						CreatedOnToolsVersion = 10.0;
						TestTargetID = 89B76C4721815B27007D7202;
					};
					89B76C6A21815B29007D7202 = {
						CreatedOnToolsVersion = 10.0;
						TestTargetID = 89B76C4721815B27007D7202;
					};
				};
			};
			buildConfigurationList = 89B76C4321815B27007D7202 /* Build configuration list for PBXProject "daner" */;
			compatibilityVersion = "Xcode 9.3";
			developmentRegion = en;
			hasScannedForEncodings = 0;
			knownRegions = (
				en,
				Base,
			);
			mainGroup = 89B76C3F21815B27007D7202;
			productRefGroup = 89B76C4921815B27007D7202 /* Products */;
			projectDirPath = "";
			projectRoot = "";
			targets = (
				89B76C4721815B27007D7202 /* daner */,
				89B76C5F21815B29007D7202 /* danerTests */,
				89B76C6A21815B29007D7202 /* danerUITests */,
			);
		};
/* End PBXProject section */

/* Begin PBXResourcesBuildPhase section */
		89B76C4621815B27007D7202 /* Resources */ = {
			isa = PBXResourcesBuildPhase;
			buildActionMask = 2147483647;
			files = (
				89B76C5821815B29007D7202 /* LaunchScreen.storyboard in Resources */,
				89B76C5521815B29007D7202 /* Assets.xcassets in Resources */,
				89B76C5321815B27007D7202 /* Main.storyboard in Resources */,
			);
			runOnlyForDeploymentPostprocessing = 0;
		};
		89B76C5E21815B29007D7202 /* Resources */ = {
			isa = PBXResourcesBuildPhase;
			buildActionMask = 2147483647;
			files = (
			);
			runOnlyForDeploymentPostprocessing = 0;
		};
		89B76C6921815B29007D7202 /* Resources */ = {
			isa = PBXResourcesBuildPhase;
			buildActionMask = 2147483647;
			files = (
			);
			runOnlyForDeploymentPostprocessing = 0;
		};
/* End PBXResourcesBuildPhase section */

/* Begin PBXShellScriptBuildPhase section */
		014D1CDF026D42DC3CC762CB /* [CP] Check Pods Manifest.lock */ = {
			isa = PBXShellScriptBuildPhase;
			buildActionMask = 2147483647;
			files = (
			);
			inputFileListPaths = (
			);
			inputPaths = (
				"${PODS_PODFILE_DIR_PATH}/Podfile.lock",
				"${PODS_ROOT}/Manifest.lock",
			);
			name = "[CP] Check Pods Manifest.lock";
			outputFileListPaths = (
			);
			outputPaths = (
				"$(DERIVED_FILE_DIR)/Pods-daner-checkManifestLockResult.txt",
			);
			runOnlyForDeploymentPostprocessing = 0;
			shellPath = /bin/sh;
			shellScript = "diff \"${PODS_PODFILE_DIR_PATH}/Podfile.lock\" \"${PODS_ROOT}/Manifest.lock\" > /dev/null\nif [ $? != 0 ] ; then\n    # print error to STDERR\n    echo \"error: The sandbox is not in sync with the Podfile.lock. Run 'pod install' or update your CocoaPods installation.\" >&2\n    exit 1\nfi\n# This output is used by Xcode 'outputs' to avoid re-running this script phase.\necho \"SUCCESS\" > \"${SCRIPT_OUTPUT_FILE_0}\"\n";
			showEnvVarsInLog = 0;
		};
		C43F117782A8B1E819064BE5 /* [CP] Copy Pods Resources */ = {
			isa = PBXShellScriptBuildPhase;
			buildActionMask = 2147483647;
			files = (
			);
			inputFileListPaths = (
			);
			inputPaths = (
				"${SRCROOT}/Pods/Target Support Files/Pods-daner/Pods-daner-resources.sh",
				"${PODS_ROOT}/MJRefresh/MJRefresh/MJRefresh.bundle",
			);
			name = "[CP] Copy Pods Resources";
			outputFileListPaths = (
			);
			outputPaths = (
				"${TARGET_BUILD_DIR}/${UNLOCALIZED_RESOURCES_FOLDER_PATH}/MJRefresh.bundle",
			);
			runOnlyForDeploymentPostprocessing = 0;
			shellPath = /bin/sh;
			shellScript = "\"${SRCROOT}/Pods/Target Support Files/Pods-daner/Pods-daner-resources.sh\"\n";
			showEnvVarsInLog = 0;
		};
/* End PBXShellScriptBuildPhase section */

/* Begin PBXSourcesBuildPhase section */
		89B76C4421815B27007D7202 /* Sources */ = {
			isa = PBXSourcesBuildPhase;
			buildActionMask = 2147483647;
			files = (
				89B76C9A21816D49007D7202 /* MineController.m in Sources */,
				89B76C8621816AE5007D7202 /* DanerTabBarController.m in Sources */,
				89B76C8A21816BCA007D7202 /* BaseViewController.m in Sources */,
				89D7108F2182AB5D007B02E7 /* FoucePeopleCollectionCell.m in Sources */,
				89B76C5021815B27007D7202 /* ViewController.m in Sources */,
				8961E9CC2182BBA700B914FD /* FoundListMessageCell.m in Sources */,
				899779812181A11C00069C52 /* FoundListVideoCell.m in Sources */,
				89B76C9421816D0F007D7202 /* ReleaseController.m in Sources */,
				8961E9D3218306FB00B914FD /* ZSRunLabelView.m in Sources */,
				89B76C5B21815B29007D7202 /* main.m in Sources */,
				89B76C4D21815B27007D7202 /* AppDelegate.m in Sources */,
				8961E9E02183190D00B914FD /* BaseFoundController.m in Sources */,
				89B76C9121816CDB007D7202 /* FriendsController.m in Sources */,
				8961E9DB2183187500B914FD /* KKClassificationView.m in Sources */,
				89B76C8321816A5A007D7202 /* DanerTabBarItem.m in Sources */,
				8961E9D0218303C100B914FD /* FoundListRecordCell.m in Sources */,
				8961E9DC2183187500B914FD /* KKSliderButtonView.m in Sources */,
				8961E9DD2183187500B914FD /* KKClassiflcationLayout.m in Sources */,
				8997798B2181B81B00069C52 /* UILabel+String.m in Sources */,
				8997797B2181986D00069C52 /* FoundNavView.m in Sources */,
				89B76C9721816D2F007D7202 /* FoundController.m in Sources */,
				89B76C8E21816CC0007D7202 /* MessageController.m in Sources */,
				89D7108C2182A935007B02E7 /* FoundListFouceCell.m in Sources */,
				899779872181A1B000069C52 /* FoundListPositionCell.m in Sources */,
			);
			runOnlyForDeploymentPostprocessing = 0;
		};
		89B76C5C21815B29007D7202 /* Sources */ = {
			isa = PBXSourcesBuildPhase;
			buildActionMask = 2147483647;
			files = (
				89B76C6521815B29007D7202 /* danerTests.m in Sources */,
			);
			runOnlyForDeploymentPostprocessing = 0;
		};
		89B76C6721815B29007D7202 /* Sources */ = {
			isa = PBXSourcesBuildPhase;
			buildActionMask = 2147483647;
			files = (
				89B76C7021815B29007D7202 /* danerUITests.m in Sources */,
			);
			runOnlyForDeploymentPostprocessing = 0;
		};
/* End PBXSourcesBuildPhase section */

/* Begin PBXTargetDependency section */
		89B76C6221815B29007D7202 /* PBXTargetDependency */ = {
			isa = PBXTargetDependency;
			target = 89B76C4721815B27007D7202 /* daner */;
			targetProxy = 89B76C6121815B29007D7202 /* PBXContainerItemProxy */;
		};
		89B76C6D21815B29007D7202 /* PBXTargetDependency */ = {
			isa = PBXTargetDependency;
			target = 89B76C4721815B27007D7202 /* daner */;
			targetProxy = 89B76C6C21815B29007D7202 /* PBXContainerItemProxy */;
		};
/* End PBXTargetDependency section */

/* Begin PBXVariantGroup section */
		89B76C5121815B27007D7202 /* Main.storyboard */ = {
			isa = PBXVariantGroup;
			children = (
				89B76C5221815B27007D7202 /* Base */,
			);
			name = Main.storyboard;
			sourceTree = "<group>";
		};
		89B76C5621815B29007D7202 /* LaunchScreen.storyboard */ = {
			isa = PBXVariantGroup;
			children = (
				89B76C5721815B29007D7202 /* Base */,
			);
			name = LaunchScreen.storyboard;
			sourceTree = "<group>";
		};
/* End PBXVariantGroup section */

/* Begin XCBuildConfiguration section */
		89B76C7221815B29007D7202 /* Debug */ = {
			isa = XCBuildConfiguration;
			buildSettings = {
				ALWAYS_SEARCH_USER_PATHS = NO;
				CLANG_ANALYZER_NONNULL = YES;
				CLANG_ANALYZER_NUMBER_OBJECT_CONVERSION = YES_AGGRESSIVE;
				CLANG_CXX_LANGUAGE_STANDARD = "gnu++14";
				CLANG_CXX_LIBRARY = "libc++";
				CLANG_ENABLE_MODULES = YES;
				CLANG_ENABLE_OBJC_ARC = YES;
				CLANG_ENABLE_OBJC_WEAK = YES;
				CLANG_WARN_BLOCK_CAPTURE_AUTORELEASING = YES;
				CLANG_WARN_BOOL_CONVERSION = YES;
				CLANG_WARN_COMMA = YES;
				CLANG_WARN_CONSTANT_CONVERSION = YES;
				CLANG_WARN_DEPRECATED_OBJC_IMPLEMENTATIONS = YES;
				CLANG_WARN_DIRECT_OBJC_ISA_USAGE = YES_ERROR;
				CLANG_WARN_DOCUMENTATION_COMMENTS = YES;
				CLANG_WARN_EMPTY_BODY = YES;
				CLANG_WARN_ENUM_CONVERSION = YES;
				CLANG_WARN_INFINITE_RECURSION = YES;
				CLANG_WARN_INT_CONVERSION = YES;
				CLANG_WARN_NON_LITERAL_NULL_CONVERSION = YES;
				CLANG_WARN_OBJC_IMPLICIT_RETAIN_SELF = YES;
				CLANG_WARN_OBJC_LITERAL_CONVERSION = YES;
				CLANG_WARN_OBJC_ROOT_CLASS = YES_ERROR;
				CLANG_WARN_RANGE_LOOP_ANALYSIS = YES;
				CLANG_WARN_STRICT_PROTOTYPES = YES;
				CLANG_WARN_SUSPICIOUS_MOVE = YES;
				CLANG_WARN_UNGUARDED_AVAILABILITY = YES_AGGRESSIVE;
				CLANG_WARN_UNREACHABLE_CODE = YES;
				CLANG_WARN__DUPLICATE_METHOD_MATCH = YES;
				CODE_SIGN_IDENTITY = "iPhone Developer";
				COPY_PHASE_STRIP = NO;
				DEBUG_INFORMATION_FORMAT = dwarf;
				ENABLE_STRICT_OBJC_MSGSEND = YES;
				ENABLE_TESTABILITY = YES;
				GCC_C_LANGUAGE_STANDARD = gnu11;
				GCC_DYNAMIC_NO_PIC = NO;
				GCC_NO_COMMON_BLOCKS = YES;
				GCC_OPTIMIZATION_LEVEL = 0;
				GCC_PREPROCESSOR_DEFINITIONS = (
					"DEBUG=1",
					"$(inherited)",
				);
				GCC_WARN_64_TO_32_BIT_CONVERSION = YES;
				GCC_WARN_ABOUT_RETURN_TYPE = YES_ERROR;
				GCC_WARN_UNDECLARED_SELECTOR = YES;
				GCC_WARN_UNINITIALIZED_AUTOS = YES_AGGRESSIVE;
				GCC_WARN_UNUSED_FUNCTION = YES;
				GCC_WARN_UNUSED_VARIABLE = YES;
				IPHONEOS_DEPLOYMENT_TARGET = 12.0;
				MTL_ENABLE_DEBUG_INFO = INCLUDE_SOURCE;
				MTL_FAST_MATH = YES;
				ONLY_ACTIVE_ARCH = YES;
				SDKROOT = iphoneos;
			};
			name = Debug;
		};
		89B76C7321815B29007D7202 /* Release */ = {
			isa = XCBuildConfiguration;
			buildSettings = {
				ALWAYS_SEARCH_USER_PATHS = NO;
				CLANG_ANALYZER_NONNULL = YES;
				CLANG_ANALYZER_NUMBER_OBJECT_CONVERSION = YES_AGGRESSIVE;
				CLANG_CXX_LANGUAGE_STANDARD = "gnu++14";
				CLANG_CXX_LIBRARY = "libc++";
				CLANG_ENABLE_MODULES = YES;
				CLANG_ENABLE_OBJC_ARC = YES;
				CLANG_ENABLE_OBJC_WEAK = YES;
				CLANG_WARN_BLOCK_CAPTURE_AUTORELEASING = YES;
				CLANG_WARN_BOOL_CONVERSION = YES;
				CLANG_WARN_COMMA = YES;
				CLANG_WARN_CONSTANT_CONVERSION = YES;
				CLANG_WARN_DEPRECATED_OBJC_IMPLEMENTATIONS = YES;
				CLANG_WARN_DIRECT_OBJC_ISA_USAGE = YES_ERROR;
				CLANG_WARN_DOCUMENTATION_COMMENTS = YES;
				CLANG_WARN_EMPTY_BODY = YES;
				CLANG_WARN_ENUM_CONVERSION = YES;
				CLANG_WARN_INFINITE_RECURSION = YES;
				CLANG_WARN_INT_CONVERSION = YES;
				CLANG_WARN_NON_LITERAL_NULL_CONVERSION = YES;
				CLANG_WARN_OBJC_IMPLICIT_RETAIN_SELF = YES;
				CLANG_WARN_OBJC_LITERAL_CONVERSION = YES;
				CLANG_WARN_OBJC_ROOT_CLASS = YES_ERROR;
				CLANG_WARN_RANGE_LOOP_ANALYSIS = YES;
				CLANG_WARN_STRICT_PROTOTYPES = YES;
				CLANG_WARN_SUSPICIOUS_MOVE = YES;
				CLANG_WARN_UNGUARDED_AVAILABILITY = YES_AGGRESSIVE;
				CLANG_WARN_UNREACHABLE_CODE = YES;
				CLANG_WARN__DUPLICATE_METHOD_MATCH = YES;
				CODE_SIGN_IDENTITY = "iPhone Developer";
				COPY_PHASE_STRIP = NO;
				DEBUG_INFORMATION_FORMAT = "dwarf-with-dsym";
				ENABLE_NS_ASSERTIONS = NO;
				ENABLE_STRICT_OBJC_MSGSEND = YES;
				GCC_C_LANGUAGE_STANDARD = gnu11;
				GCC_NO_COMMON_BLOCKS = YES;
				GCC_WARN_64_TO_32_BIT_CONVERSION = YES;
				GCC_WARN_ABOUT_RETURN_TYPE = YES_ERROR;
				GCC_WARN_UNDECLARED_SELECTOR = YES;
				GCC_WARN_UNINITIALIZED_AUTOS = YES_AGGRESSIVE;
				GCC_WARN_UNUSED_FUNCTION = YES;
				GCC_WARN_UNUSED_VARIABLE = YES;
				IPHONEOS_DEPLOYMENT_TARGET = 12.0;
				MTL_ENABLE_DEBUG_INFO = NO;
				MTL_FAST_MATH = YES;
				SDKROOT = iphoneos;
				VALIDATE_PRODUCT = YES;
			};
			name = Release;
		};
		89B76C7521815B29007D7202 /* Debug */ = {
			isa = XCBuildConfiguration;
			baseConfigurationReference = 609699645D51553CA644A01F /* Pods-daner.debug.xcconfig */;
			buildSettings = {
				ASSETCATALOG_COMPILER_APPICON_NAME = AppIcon;
				CODE_SIGN_STYLE = Automatic;
				DEVELOPMENT_TEAM = GH8DJURR96;
				INFOPLIST_FILE = daner/Info.plist;
				LD_RUNPATH_SEARCH_PATHS = (
					"$(inherited)",
					"@executable_path/Frameworks",
				);
				PRODUCT_BUNDLE_IDENTIFIER = daner3.daner;
				PRODUCT_NAME = "$(TARGET_NAME)";
				TARGETED_DEVICE_FAMILY = "1,2";
			};
			name = Debug;
		};
		89B76C7621815B29007D7202 /* Release */ = {
			isa = XCBuildConfiguration;
			baseConfigurationReference = C5BC9AFCCF8292ECADDA3D7A /* Pods-daner.release.xcconfig */;
			buildSettings = {
				ASSETCATALOG_COMPILER_APPICON_NAME = AppIcon;
				CODE_SIGN_STYLE = Automatic;
				DEVELOPMENT_TEAM = GH8DJURR96;
				INFOPLIST_FILE = daner/Info.plist;
				LD_RUNPATH_SEARCH_PATHS = (
					"$(inherited)",
					"@executable_path/Frameworks",
				);
				PRODUCT_BUNDLE_IDENTIFIER = daner3.daner;
				PRODUCT_NAME = "$(TARGET_NAME)";
				TARGETED_DEVICE_FAMILY = "1,2";
			};
			name = Release;
		};
		89B76C7821815B29007D7202 /* Debug */ = {
			isa = XCBuildConfiguration;
			buildSettings = {
				BUNDLE_LOADER = "$(TEST_HOST)";
				CODE_SIGN_STYLE = Automatic;
				INFOPLIST_FILE = danerTests/Info.plist;
				LD_RUNPATH_SEARCH_PATHS = (
					"$(inherited)",
					"@executable_path/Frameworks",
					"@loader_path/Frameworks",
				);
				PRODUCT_BUNDLE_IDENTIFIER = daner3.danerTests;
				PRODUCT_NAME = "$(TARGET_NAME)";
				TARGETED_DEVICE_FAMILY = "1,2";
				TEST_HOST = "$(BUILT_PRODUCTS_DIR)/daner.app/daner";
			};
			name = Debug;
		};
		89B76C7921815B29007D7202 /* Release */ = {
			isa = XCBuildConfiguration;
			buildSettings = {
				BUNDLE_LOADER = "$(TEST_HOST)";
				CODE_SIGN_STYLE = Automatic;
				INFOPLIST_FILE = danerTests/Info.plist;
				LD_RUNPATH_SEARCH_PATHS = (
					"$(inherited)",
					"@executable_path/Frameworks",
					"@loader_path/Frameworks",
				);
				PRODUCT_BUNDLE_IDENTIFIER = daner3.danerTests;
				PRODUCT_NAME = "$(TARGET_NAME)";
				TARGETED_DEVICE_FAMILY = "1,2";
				TEST_HOST = "$(BUILT_PRODUCTS_DIR)/daner.app/daner";
			};
			name = Release;
		};
		89B76C7B21815B29007D7202 /* Debug */ = {
			isa = XCBuildConfiguration;
			buildSettings = {
				CODE_SIGN_STYLE = Automatic;
				INFOPLIST_FILE = danerUITests/Info.plist;
				LD_RUNPATH_SEARCH_PATHS = (
					"$(inherited)",
					"@executable_path/Frameworks",
					"@loader_path/Frameworks",
				);
				PRODUCT_BUNDLE_IDENTIFIER = daner3.danerUITests;
				PRODUCT_NAME = "$(TARGET_NAME)";
				TARGETED_DEVICE_FAMILY = "1,2";
				TEST_TARGET_NAME = daner;
			};
			name = Debug;
		};
		89B76C7C21815B29007D7202 /* Release */ = {
			isa = XCBuildConfiguration;
			buildSettings = {
				CODE_SIGN_STYLE = Automatic;
				INFOPLIST_FILE = danerUITests/Info.plist;
				LD_RUNPATH_SEARCH_PATHS = (
					"$(inherited)",
					"@executable_path/Frameworks",
					"@loader_path/Frameworks",
				);
				PRODUCT_BUNDLE_IDENTIFIER = daner3.danerUITests;
				PRODUCT_NAME = "$(TARGET_NAME)";
				TARGETED_DEVICE_FAMILY = "1,2";
				TEST_TARGET_NAME = daner;
			};
			name = Release;
		};
/* End XCBuildConfiguration section */

/* Begin XCConfigurationList section */
		89B76C4321815B27007D7202 /* Build configuration list for PBXProject "daner" */ = {
			isa = XCConfigurationList;
			buildConfigurations = (
				89B76C7221815B29007D7202 /* Debug */,
				89B76C7321815B29007D7202 /* Release */,
			);
			defaultConfigurationIsVisible = 0;
			defaultConfigurationName = Release;
		};
		89B76C7421815B29007D7202 /* Build configuration list for PBXNativeTarget "daner" */ = {
			isa = XCConfigurationList;
			buildConfigurations = (
				89B76C7521815B29007D7202 /* Debug */,
				89B76C7621815B29007D7202 /* Release */,
			);
			defaultConfigurationIsVisible = 0;
			defaultConfigurationName = Release;
		};
		89B76C7721815B29007D7202 /* Build configuration list for PBXNativeTarget "danerTests" */ = {
			isa = XCConfigurationList;
			buildConfigurations = (
				89B76C7821815B29007D7202 /* Debug */,
				89B76C7921815B29007D7202 /* Release */,
			);
			defaultConfigurationIsVisible = 0;
			defaultConfigurationName = Release;
		};
		89B76C7A21815B29007D7202 /* Build configuration list for PBXNativeTarget "danerUITests" */ = {
			isa = XCConfigurationList;
			buildConfigurations = (
				89B76C7B21815B29007D7202 /* Debug */,
				89B76C7C21815B29007D7202 /* Release */,
			);
			defaultConfigurationIsVisible = 0;
			defaultConfigurationName = Release;
		};
/* End XCConfigurationList section */
	};
	rootObject = 89B76C4021815B27007D7202 /* Project object */;
}
